
Microsoft Visual Studio Solution File, Format Version 12.00
# Visual Studio Version 17
VisualStudioVersion = 17.14.36930.0 d17.14
MinimumVisualStudioVersion = 10.0.40219.1
Project("{FAE04EC0-301F-11D3-BF4B-00C04F79EFBC}") = "WpfHello", "WpfHello\WpfHello.csproj", "{2EFC7B99-F645-410C-AC12-8DAB3C978743}"
EndProject
Global
	GlobalSection(SolutionConfigurationPlatforms) = preSolution
		Debug|Any CPU = Debug|Any CPU
		Release|Any CPU = Release|Any CPU
	EndGlobalSection
	GlobalSection(ProjectConfigurationPlatforms) = postSolution
		{2EFC7B99-F645-410C-AC12-8DAB3C978743}.Debug|Any CPU.ActiveCfg = Debug|Any CPU
		{2EFC7B99-F645-410C-AC12-8DAB3C978743}.Debug|Any CPU.Build.0 = Debug|Any CPU
		{2EFC7B99-F645-410C-AC12-8DAB3C978743}.Release|Any CPU.ActiveCfg = Release|Any CPU
		{2EFC7B99-F645-410C-AC12-8DAB3C978743}.Release|Any CPU.Build.0 = Release|Any CPU
	EndGlobalSection
	GlobalSection(SolutionProperties) = preSolution
		HideSolutionNode = FALSE
	EndGlobalSection
	GlobalSection(ExtensibilityGlobals) = postSolution
		SolutionGuid = {2BD76BB2-86FE-4A4A-898B-B1DA888CF459}
	EndGlobalSection
EndGlobal
