
Microsoft Visual Studio Solution File, Format Version 12.00
# Visual Studio Version 17
VisualStudioVersion = 17.14.36705.20 d17.14
MinimumVisualStudioVersion = 10.0.40219.1
Project("{FAE04EC0-301F-11D3-BF4B-00C04F79EFBC}") = "WinContainer", "WinContainer\WinContainer.csproj", "{ED3DBBED-7BF5-4109-8E02-260FA8F1E07D}"
EndProject
Global
	GlobalSection(SolutionConfigurationPlatforms) = preSolution
		Debug|Any CPU = Debug|Any CPU
		Release|Any CPU = Release|Any CPU
	EndGlobalSection
	GlobalSection(ProjectConfigurationPlatforms) = postSolution
		{ED3DBBED-7BF5-4109-8E02-260FA8F1E07D}.Debug|Any CPU.ActiveCfg = Debug|Any CPU
		{ED3DBBED-7BF5-4109-8E02-260FA8F1E07D}.Debug|Any CPU.Build.0 = Debug|Any CPU
		{ED3DBBED-7BF5-4109-8E02-260FA8F1E07D}.Release|Any CPU.ActiveCfg = Release|Any CPU
		{ED3DBBED-7BF5-4109-8E02-260FA8F1E07D}.Release|Any CPU.Build.0 = Release|Any CPU
	EndGlobalSection
	GlobalSection(SolutionProperties) = preSolution
		HideSolutionNode = FALSE
	EndGlobalSection
	GlobalSection(ExtensibilityGlobals) = postSolution
		SolutionGuid = {0CDA97BD-4B7C-4106-85FF-B3C931DEF7AF}
	EndGlobalSection
EndGlobal
