
Microsoft Visual Studio Solution File, Format Version 12.00
# Visual Studio Version 17
VisualStudioVersion = 17.14.36705.20 d17.14
MinimumVisualStudioVersion = 10.0.40219.1
Project("{FAE04EC0-301F-11D3-BF4B-00C04F79EFBC}") = "WinTimer1", "WinTimer1\WinTimer1.csproj", "{C67A09EE-B72A-4142-ACB9-2FDD01B9ACA8}"
EndProject
Project("{FAE04EC0-301F-11D3-BF4B-00C04F79EFBC}") = "WinFormsControlLibraryTimer", "WinFormsControlLibraryTimer\WinFormsControlLibraryTimer.csproj", "{A2734F96-A523-4008-B1A4-ACF92F77EFA9}"
EndProject
Global
	GlobalSection(SolutionConfigurationPlatforms) = preSolution
		Debug|Any CPU = Debug|Any CPU
		Release|Any CPU = Release|Any CPU
	EndGlobalSection
	GlobalSection(ProjectConfigurationPlatforms) = postSolution
		{C67A09EE-B72A-4142-ACB9-2FDD01B9ACA8}.Debug|Any CPU.ActiveCfg = Debug|Any CPU
		{C67A09EE-B72A-4142-ACB9-2FDD01B9ACA8}.Debug|Any CPU.Build.0 = Debug|Any CPU
		{C67A09EE-B72A-4142-ACB9-2FDD01B9ACA8}.Release|Any CPU.ActiveCfg = Release|Any CPU
		{C67A09EE-B72A-4142-ACB9-2FDD01B9ACA8}.Release|Any CPU.Build.0 = Release|Any CPU
		{A2734F96-A523-4008-B1A4-ACF92F77EFA9}.Debug|Any CPU.ActiveCfg = Debug|Any CPU
		{A2734F96-A523-4008-B1A4-ACF92F77EFA9}.Debug|Any CPU.Build.0 = Debug|Any CPU
		{A2734F96-A523-4008-B1A4-ACF92F77EFA9}.Release|Any CPU.ActiveCfg = Release|Any CPU
		{A2734F96-A523-4008-B1A4-ACF92F77EFA9}.Release|Any CPU.Build.0 = Release|Any CPU
	EndGlobalSection
	GlobalSection(SolutionProperties) = preSolution
		HideSolutionNode = FALSE
	EndGlobalSection
	GlobalSection(ExtensibilityGlobals) = postSolution
		SolutionGuid = {3690A3D0-8BFF-44E0-828E-ABF6DB2A2A10}
	EndGlobalSection
EndGlobal
