
Microsoft Visual Studio Solution File, Format Version 12.00
# Visual Studio Version 17
VisualStudioVersion = 17.14.36705.20 d17.14
MinimumVisualStudioVersion = 10.0.40219.1
Project("{FAE04EC0-301F-11D3-BF4B-00C04F79EFBC}") = "BiblWorm", "BiblWorm\BiblWorm.csproj", "{0B4B1869-D5D1-4C7E-879B-3BC3CF37CD0F}"
EndProject
Global
	GlobalSection(SolutionConfigurationPlatforms) = preSolution
		Debug|Any CPU = Debug|Any CPU
		Release|Any CPU = Release|Any CPU
	EndGlobalSection
	GlobalSection(ProjectConfigurationPlatforms) = postSolution
		{0B4B1869-D5D1-4C7E-879B-3BC3CF37CD0F}.Debug|Any CPU.ActiveCfg = Debug|Any CPU
		{0B4B1869-D5D1-4C7E-879B-3BC3CF37CD0F}.Debug|Any CPU.Build.0 = Debug|Any CPU
		{0B4B1869-D5D1-4C7E-879B-3BC3CF37CD0F}.Release|Any CPU.ActiveCfg = Release|Any CPU
		{0B4B1869-D5D1-4C7E-879B-3BC3CF37CD0F}.Release|Any CPU.Build.0 = Release|Any CPU
	EndGlobalSection
	GlobalSection(SolutionProperties) = preSolution
		HideSolutionNode = FALSE
	EndGlobalSection
	GlobalSection(ExtensibilityGlobals) = postSolution
		SolutionGuid = {303EF05C-516F-49B5-923F-C87C4735A446}
	EndGlobalSection
EndGlobal
